// !$*UTF8*$!
{
	archiveVersion = 1;
	classes = {
	};
	objectVersion = 56;
	objects = {

/* Begin PBXBuildFile section */
		B407373929A72DBC007E1304 /* CategoryHome.swift in Sources */ = {isa = PBXBuildFile; fileRef = B407373829A72DBC007E1304 /* CategoryHome.swift */; };
		B407373B29A73259007E1304 /* CategoryRow.swift in Sources */ = {isa = PBXBuildFile; fileRef = B407373A29A73259007E1304 /* CategoryRow.swift */; };
		B407373D29A734BD007E1304 /* CategoryItem.swift in Sources */ = {isa = PBXBuildFile; fileRef = B407373C29A734BD007E1304 /* CategoryItem.swift */; };
		B407373F29A74242007E1304 /* Profile.swift in Sources */ = {isa = PBXBuildFile; fileRef = B407373E29A74241007E1304 /* Profile.swift */; };
		B407374229A74EF8007E1304 /* ProfileHost.swift in Sources */ = {isa = PBXBuildFile; fileRef = B407374129A74EF8007E1304 /* ProfileHost.swift */; };
		B407374429A74FE6007E1304 /* ProfileSummary.swift in Sources */ = {isa = PBXBuildFile; fileRef = B407374329A74FE6007E1304 /* ProfileSummary.swift */; };
		B409414B29A5B76000A85CF2 /* miniProjectSwiftUIApp.swift in Sources */ = {isa = PBXBuildFile; fileRef = B409414A29A5B76000A85CF2 /* miniProjectSwiftUIApp.swift */; };
		B409414D29A5B76000A85CF2 /* ContentView.swift in Sources */ = {isa = PBXBuildFile; fileRef = B409414C29A5B76000A85CF2 /* ContentView.swift */; };
		B409414F29A5B76300A85CF2 /* Assets.xcassets in Resources */ = {isa = PBXBuildFile; fileRef = B409414E29A5B76300A85CF2 /* Assets.xcassets */; };
		B409415229A5B76300A85CF2 /* Preview Assets.xcassets in Resources */ = {isa = PBXBuildFile; fileRef = B409415129A5B76300A85CF2 /* Preview Assets.xcassets */; };
		B409415929A5F0E800A85CF2 /* CircleImage.swift in Sources */ = {isa = PBXBuildFile; fileRef = B409415829A5F0E800A85CF2 /* CircleImage.swift */; };
		B409415B29A5F18C00A85CF2 /* MapView.swift in Sources */ = {isa = PBXBuildFile; fileRef = B409415A29A5F18C00A85CF2 /* MapView.swift */; };
		B409415D29A5F7D900A85CF2 /* landmarkData.json in Resources */ = {isa = PBXBuildFile; fileRef = B409415C29A5F7D900A85CF2 /* landmarkData.json */; };
		B409416129A5F82600A85CF2 /* Landmark.swift in Sources */ = {isa = PBXBuildFile; fileRef = B409416029A5F82600A85CF2 /* Landmark.swift */; };
		B409416329A5FA7300A85CF2 /* ModelData.swift in Sources */ = {isa = PBXBuildFile; fileRef = B409416229A5FA7300A85CF2 /* ModelData.swift */; };
		B42DFA0029A658790046D849 /* LandmarkRow.swift in Sources */ = {isa = PBXBuildFile; fileRef = B42DF9FF29A658790046D849 /* LandmarkRow.swift */; };
		B42DFA0229A65ADB0046D849 /* LandmarkList.swift in Sources */ = {isa = PBXBuildFile; fileRef = B42DFA0129A65ADB0046D849 /* LandmarkList.swift */; };
		B42DFA0429A65F4E0046D849 /* LandmarkDetail.swift in Sources */ = {isa = PBXBuildFile; fileRef = B42DFA0329A65F4E0046D849 /* LandmarkDetail.swift */; };
		B4BF093C29A6EE98006C2CD4 /* FavoriteButton.swift in Sources */ = {isa = PBXBuildFile; fileRef = B4BF093B29A6EE98006C2CD4 /* FavoriteButton.swift */; };
		B4C0671029A891660064AB1F /* ProfileEditor.swift in Sources */ = {isa = PBXBuildFile; fileRef = B4C0670F29A891660064AB1F /* ProfileEditor.swift */; };
/* End PBXBuildFile section */

/* Begin PBXFileReference section */
		B407373829A72DBC007E1304 /* CategoryHome.swift */ = {isa = PBXFileReference; lastKnownFileType = sourcecode.swift; path = CategoryHome.swift; sourceTree = "<group>"; };
		B407373A29A73259007E1304 /* CategoryRow.swift */ = {isa = PBXFileReference; lastKnownFileType = sourcecode.swift; path = CategoryRow.swift; sourceTree = "<group>"; };
		B407373C29A734BD007E1304 /* CategoryItem.swift */ = {isa = PBXFileReference; lastKnownFileType = sourcecode.swift; path = CategoryItem.swift; sourceTree = "<group>"; };
		B407373E29A74241007E1304 /* Profile.swift */ = {isa = PBXFileReference; lastKnownFileType = sourcecode.swift; path = Profile.swift; sourceTree = "<group>"; };
		B407374129A74EF8007E1304 /* ProfileHost.swift */ = {isa = PBXFileReference; lastKnownFileType = sourcecode.swift; path = ProfileHost.swift; sourceTree = "<group>"; };
		B407374329A74FE6007E1304 /* ProfileSummary.swift */ = {isa = PBXFileReference; lastKnownFileType = sourcecode.swift; path = ProfileSummary.swift; sourceTree = "<group>"; };
		B409414729A5B76000A85CF2 /* miniProjectSwiftUI.app */ = {isa = PBXFileReference; explicitFileType = wrapper.application; includeInIndex = 0; path = miniProjectSwiftUI.app; sourceTree = BUILT_PRODUCTS_DIR; };
		B409414A29A5B76000A85CF2 /* miniProjectSwiftUIApp.swift */ = {isa = PBXFileReference; lastKnownFileType = sourcecode.swift; path = miniProjectSwiftUIApp.swift; sourceTree = "<group>"; };
		B409414C29A5B76000A85CF2 /* ContentView.swift */ = {isa = PBXFileReference; lastKnownFileType = sourcecode.swift; path = ContentView.swift; sourceTree = "<group>"; };
		B409414E29A5B76300A85CF2 /* Assets.xcassets */ = {isa = PBXFileReference; lastKnownFileType = folder.assetcatalog; path = Assets.xcassets; sourceTree = "<group>"; };
		B409415129A5B76300A85CF2 /* Preview Assets.xcassets */ = {isa = PBXFileReference; lastKnownFileType = folder.assetcatalog; path = "Preview Assets.xcassets"; sourceTree = "<group>"; };
		B409415829A5F0E800A85CF2 /* CircleImage.swift */ = {isa = PBXFileReference; lastKnownFileType = sourcecode.swift; path = CircleImage.swift; sourceTree = "<group>"; };
		B409415A29A5F18C00A85CF2 /* MapView.swift */ = {isa = PBXFileReference; lastKnownFileType = sourcecode.swift; path = MapView.swift; sourceTree = "<group>"; };
		B409415C29A5F7D900A85CF2 /* landmarkData.json */ = {isa = PBXFileReference; fileEncoding = 4; lastKnownFileType = text.json; path = landmarkData.json; sourceTree = "<group>"; };
		B409416029A5F82600A85CF2 /* Landmark.swift */ = {isa = PBXFileReference; lastKnownFileType = sourcecode.swift; path = Landmark.swift; sourceTree = "<group>"; };
		B409416229A5FA7300A85CF2 /* ModelData.swift */ = {isa = PBXFileReference; lastKnownFileType = sourcecode.swift; path = ModelData.swift; sourceTree = "<group>"; };
		B42DF9FF29A658790046D849 /* LandmarkRow.swift */ = {isa = PBXFileReference; lastKnownFileType = sourcecode.swift; path = LandmarkRow.swift; sourceTree = "<group>"; };
		B42DFA0129A65ADB0046D849 /* LandmarkList.swift */ = {isa = PBXFileReference; lastKnownFileType = sourcecode.swift; path = LandmarkList.swift; sourceTree = "<group>"; };
		B42DFA0329A65F4E0046D849 /* LandmarkDetail.swift */ = {isa = PBXFileReference; lastKnownFileType = sourcecode.swift; path = LandmarkDetail.swift; sourceTree = "<group>"; };
		B4BF093B29A6EE98006C2CD4 /* FavoriteButton.swift */ = {isa = PBXFileReference; lastKnownFileType = sourcecode.swift; path = FavoriteButton.swift; sourceTree = "<group>"; };
		B4C0670F29A891660064AB1F /* ProfileEditor.swift */ = {isa = PBXFileReference; lastKnownFileType = sourcecode.swift; path = ProfileEditor.swift; sourceTree = "<group>"; };
/* End PBXFileReference section */

/* Begin PBXFrameworksBuildPhase section */
		B409414429A5B76000A85CF2 /* Frameworks */ = {
			isa = PBXFrameworksBuildPhase;
			buildActionMask = 2147483647;
			files = (
			);
			runOnlyForDeploymentPostprocessing = 0;
		};
/* End PBXFrameworksBuildPhase section */

/* Begin PBXGroup section */
		B407373729A72DA6007E1304 /* Categories */ = {
			isa = PBXGroup;
			children = (
				B407373829A72DBC007E1304 /* CategoryHome.swift */,
				B407373A29A73259007E1304 /* CategoryRow.swift */,
				B407373C29A734BD007E1304 /* CategoryItem.swift */,
			);
			path = Categories;
			sourceTree = "<group>";
		};
		B407374029A74ED2007E1304 /* Profiles */ = {
			isa = PBXGroup;
			children = (
				B407374129A74EF8007E1304 /* ProfileHost.swift */,
				B407374329A74FE6007E1304 /* ProfileSummary.swift */,
				B4C0670F29A891660064AB1F /* ProfileEditor.swift */,
			);
			path = Profiles;
			sourceTree = "<group>";
		};
		B409413E29A5B75F00A85CF2 = {
			isa = PBXGroup;
			children = (
				B409414929A5B76000A85CF2 /* miniProjectSwiftUI */,
				B409414829A5B76000A85CF2 /* Products */,
			);
			sourceTree = "<group>";
		};
		B409414829A5B76000A85CF2 /* Products */ = {
			isa = PBXGroup;
			children = (
				B409414729A5B76000A85CF2 /* miniProjectSwiftUI.app */,
			);
			name = Products;
			sourceTree = "<group>";
		};
		B409414929A5B76000A85CF2 /* miniProjectSwiftUI */ = {
			isa = PBXGroup;
			children = (
				B409414A29A5B76000A85CF2 /* miniProjectSwiftUIApp.swift */,
				B42DF9FE29A658190046D849 /* resources */,
				B42DF9FC29A657EE0046D849 /* Views */,
				B42DF9FD29A658040046D849 /* Model */,
				B409414E29A5B76300A85CF2 /* Assets.xcassets */,
				B409415029A5B76300A85CF2 /* Preview Content */,
			);
			path = miniProjectSwiftUI;
			sourceTree = "<group>";
		};
		B409415029A5B76300A85CF2 /* Preview Content */ = {
			isa = PBXGroup;
			children = (
				B409415129A5B76300A85CF2 /* Preview Assets.xcassets */,
			);
			path = "Preview Content";
			sourceTree = "<group>";
		};
		B42DF9FC29A657EE0046D849 /* Views */ = {
			isa = PBXGroup;
			children = (
				B407374029A74ED2007E1304 /* Profiles */,
				B407373729A72DA6007E1304 /* Categories */,
				B4BF093D29A6EF4B006C2CD4 /* Landmarks */,
				B4BF093E29A6EF54006C2CD4 /* Helpers */,
			);
			path = Views;
			sourceTree = "<group>";
		};
		B42DF9FD29A658040046D849 /* Model */ = {
			isa = PBXGroup;
			children = (
				B409416029A5F82600A85CF2 /* Landmark.swift */,
				B409416229A5FA7300A85CF2 /* ModelData.swift */,
				B407373E29A74241007E1304 /* Profile.swift */,
			);
			path = Model;
			sourceTree = "<group>";
		};
		B42DF9FE29A658190046D849 /* resources */ = {
			isa = PBXGroup;
			children = (
				B409415C29A5F7D900A85CF2 /* landmarkData.json */,
			);
			path = resources;
			sourceTree = "<group>";
		};
		B4BF093D29A6EF4B006C2CD4 /* Landmarks */ = {
			isa = PBXGroup;
			children = (
				B42DF9FF29A658790046D849 /* LandmarkRow.swift */,
				B42DFA0129A65ADB0046D849 /* LandmarkList.swift */,
				B42DFA0329A65F4E0046D849 /* LandmarkDetail.swift */,
			);
			path = Landmarks;
			sourceTree = "<group>";
		};
		B4BF093E29A6EF54006C2CD4 /* Helpers */ = {
			isa = PBXGroup;
			children = (
				B409414C29A5B76000A85CF2 /* ContentView.swift */,
				B409415829A5F0E800A85CF2 /* CircleImage.swift */,
				B409415A29A5F18C00A85CF2 /* MapView.swift */,
				B4BF093B29A6EE98006C2CD4 /* FavoriteButton.swift */,
			);
			path = Helpers;
			sourceTree = "<group>";
		};
/* End PBXGroup section */

/* Begin PBXNativeTarget section */
		B409414629A5B76000A85CF2 /* miniProjectSwiftUI */ = {
			isa = PBXNativeTarget;
			buildConfigurationList = B409415529A5B76300A85CF2 /* Build configuration list for PBXNativeTarget "miniProjectSwiftUI" */;
			buildPhases = (
				B409414329A5B76000A85CF2 /* Sources */,
				B409414429A5B76000A85CF2 /* Frameworks */,
				B409414529A5B76000A85CF2 /* Resources */,
			);
			buildRules = (
			);
			dependencies = (
			);
			name = miniProjectSwiftUI;
			productName = mini_project_swiftUI;
			productReference = B409414729A5B76000A85CF2 /* miniProjectSwiftUI.app */;
			productType = "com.apple.product-type.application";
		};
/* End PBXNativeTarget section */

/* Begin PBXProject section */
		B409413F29A5B75F00A85CF2 /* Project object */ = {
			isa = PBXProject;
			attributes = {
				BuildIndependentTargetsInParallel = 1;
				LastSwiftUpdateCheck = 1420;
				LastUpgradeCheck = 1420;
				TargetAttributes = {
					B409414629A5B76000A85CF2 = {
						CreatedOnToolsVersion = 14.2;
					};
				};
			};
			buildConfigurationList = B409414229A5B75F00A85CF2 /* Build configuration list for PBXProject "miniProjectSwiftUI" */;
			compatibilityVersion = "Xcode 14.0";
			developmentRegion = en;
			hasScannedForEncodings = 0;
			knownRegions = (
				en,
				Base,
			);
			mainGroup = B409413E29A5B75F00A85CF2;
			productRefGroup = B409414829A5B76000A85CF2 /* Products */;
			projectDirPath = "";
			projectRoot = "";
			targets = (
				B409414629A5B76000A85CF2 /* miniProjectSwiftUI */,
			);
		};
/* End PBXProject section */

/* Begin PBXResourcesBuildPhase section */
		B409414529A5B76000A85CF2 /* Resources */ = {
			isa = PBXResourcesBuildPhase;
			buildActionMask = 2147483647;
			files = (
				B409415229A5B76300A85CF2 /* Preview Assets.xcassets in Resources */,
				B409414F29A5B76300A85CF2 /* Assets.xcassets in Resources */,
				B409415D29A5F7D900A85CF2 /* landmarkData.json in Resources */,
			);
			runOnlyForDeploymentPostprocessing = 0;
		};
/* End PBXResourcesBuildPhase section */

/* Begin PBXSourcesBuildPhase section */
		B409414329A5B76000A85CF2 /* Sources */ = {
			isa = PBXSourcesBuildPhase;
			buildActionMask = 2147483647;
			files = (
				B409414D29A5B76000A85CF2 /* ContentView.swift in Sources */,
				B409415B29A5F18C00A85CF2 /* MapView.swift in Sources */,
				B409414B29A5B76000A85CF2 /* miniProjectSwiftUIApp.swift in Sources */,
				B407374229A74EF8007E1304 /* ProfileHost.swift in Sources */,
				B407373F29A74242007E1304 /* Profile.swift in Sources */,
				B4BF093C29A6EE98006C2CD4 /* FavoriteButton.swift in Sources */,
				B407373929A72DBC007E1304 /* CategoryHome.swift in Sources */,
				B42DFA0229A65ADB0046D849 /* LandmarkList.swift in Sources */,
				B42DFA0429A65F4E0046D849 /* LandmarkDetail.swift in Sources */,
				B409415929A5F0E800A85CF2 /* CircleImage.swift in Sources */,
				B407373D29A734BD007E1304 /* CategoryItem.swift in Sources */,
				B409416129A5F82600A85CF2 /* Landmark.swift in Sources */,
				B42DFA0029A658790046D849 /* LandmarkRow.swift in Sources */,
				B407373B29A73259007E1304 /* CategoryRow.swift in Sources */,
				B4C0671029A891660064AB1F /* ProfileEditor.swift in Sources */,
				B407374429A74FE6007E1304 /* ProfileSummary.swift in Sources */,
				B409416329A5FA7300A85CF2 /* ModelData.swift in Sources */,
			);
			runOnlyForDeploymentPostprocessing = 0;
		};
/* End PBXSourcesBuildPhase section */

/* Begin XCBuildConfiguration section */
		B409415329A5B76300A85CF2 /* Debug */ = {
			isa = XCBuildConfiguration;
			buildSettings = {
				ALWAYS_SEARCH_USER_PATHS = NO;
				CLANG_ANALYZER_NONNULL = YES;
				CLANG_ANALYZER_NUMBER_OBJECT_CONVERSION = YES_AGGRESSIVE;
				CLANG_CXX_LANGUAGE_STANDARD = "gnu++20";
				CLANG_ENABLE_MODULES = YES;
				CLANG_ENABLE_OBJC_ARC = YES;
				CLANG_ENABLE_OBJC_WEAK = YES;
				CLANG_WARN_BLOCK_CAPTURE_AUTORELEASING = YES;
				CLANG_WARN_BOOL_CONVERSION = YES;
				CLANG_WARN_COMMA = YES;
				CLANG_WARN_CONSTANT_CONVERSION = YES;
				CLANG_WARN_DEPRECATED_OBJC_IMPLEMENTATIONS = YES;
				CLANG_WARN_DIRECT_OBJC_ISA_USAGE = YES_ERROR;
				CLANG_WARN_DOCUMENTATION_COMMENTS = YES;
				CLANG_WARN_EMPTY_BODY = YES;
				CLANG_WARN_ENUM_CONVERSION = YES;
				CLANG_WARN_INFINITE_RECURSION = YES;
				CLANG_WARN_INT_CONVERSION = YES;
				CLANG_WARN_NON_LITERAL_NULL_CONVERSION = YES;
				CLANG_WARN_OBJC_IMPLICIT_RETAIN_SELF = YES;
				CLANG_WARN_OBJC_LITERAL_CONVERSION = YES;
				CLANG_WARN_OBJC_ROOT_CLASS = YES_ERROR;
				CLANG_WARN_QUOTED_INCLUDE_IN_FRAMEWORK_HEADER = YES;
				CLANG_WARN_RANGE_LOOP_ANALYSIS = YES;
				CLANG_WARN_STRICT_PROTOTYPES = YES;
				CLANG_WARN_SUSPICIOUS_MOVE = YES;
				CLANG_WARN_UNGUARDED_AVAILABILITY = YES_AGGRESSIVE;
				CLANG_WARN_UNREACHABLE_CODE = YES;
				CLANG_WARN__DUPLICATE_METHOD_MATCH = YES;
				COPY_PHASE_STRIP = NO;
				DEBUG_INFORMATION_FORMAT = dwarf;
				ENABLE_STRICT_OBJC_MSGSEND = YES;
				ENABLE_TESTABILITY = YES;
				GCC_C_LANGUAGE_STANDARD = gnu11;
				GCC_DYNAMIC_NO_PIC = NO;
				GCC_NO_COMMON_BLOCKS = YES;
				GCC_OPTIMIZATION_LEVEL = 0;
				GCC_PREPROCESSOR_DEFINITIONS = (
					"DEBUG=1",
					"$(inherited)",
				);
				GCC_WARN_64_TO_32_BIT_CONVERSION = YES;
				GCC_WARN_ABOUT_RETURN_TYPE = YES_ERROR;
				GCC_WARN_UNDECLARED_SELECTOR = YES;
				GCC_WARN_UNINITIALIZED_AUTOS = YES_AGGRESSIVE;
				GCC_WARN_UNUSED_FUNCTION = YES;
				GCC_WARN_UNUSED_VARIABLE = YES;
				IPHONEOS_DEPLOYMENT_TARGET = 16.2;
				MTL_ENABLE_DEBUG_INFO = INCLUDE_SOURCE;
				MTL_FAST_MATH = YES;
				ONLY_ACTIVE_ARCH = YES;
				SDKROOT = iphoneos;
				SWIFT_ACTIVE_COMPILATION_CONDITIONS = DEBUG;
				SWIFT_OPTIMIZATION_LEVEL = "-Onone";
			};
			name = Debug;
		};
		B409415429A5B76300A85CF2 /* Release */ = {
			isa = XCBuildConfiguration;
			buildSettings = {
				ALWAYS_SEARCH_USER_PATHS = NO;
				CLANG_ANALYZER_NONNULL = YES;
				CLANG_ANALYZER_NUMBER_OBJECT_CONVERSION = YES_AGGRESSIVE;
				CLANG_CXX_LANGUAGE_STANDARD = "gnu++20";
				CLANG_ENABLE_MODULES = YES;
				CLANG_ENABLE_OBJC_ARC = YES;
				CLANG_ENABLE_OBJC_WEAK = YES;
				CLANG_WARN_BLOCK_CAPTURE_AUTORELEASING = YES;
				CLANG_WARN_BOOL_CONVERSION = YES;
				CLANG_WARN_COMMA = YES;
				CLANG_WARN_CONSTANT_CONVERSION = YES;
				CLANG_WARN_DEPRECATED_OBJC_IMPLEMENTATIONS = YES;
				CLANG_WARN_DIRECT_OBJC_ISA_USAGE = YES_ERROR;
				CLANG_WARN_DOCUMENTATION_COMMENTS = YES;
				CLANG_WARN_EMPTY_BODY = YES;
				CLANG_WARN_ENUM_CONVERSION = YES;
				CLANG_WARN_INFINITE_RECURSION = YES;
				CLANG_WARN_INT_CONVERSION = YES;
				CLANG_WARN_NON_LITERAL_NULL_CONVERSION = YES;
				CLANG_WARN_OBJC_IMPLICIT_RETAIN_SELF = YES;
				CLANG_WARN_OBJC_LITERAL_CONVERSION = YES;
				CLANG_WARN_OBJC_ROOT_CLASS = YES_ERROR;
				CLANG_WARN_QUOTED_INCLUDE_IN_FRAMEWORK_HEADER = YES;
				CLANG_WARN_RANGE_LOOP_ANALYSIS = YES;
				CLANG_WARN_STRICT_PROTOTYPES = YES;
				CLANG_WARN_SUSPICIOUS_MOVE = YES;
				CLANG_WARN_UNGUARDED_AVAILABILITY = YES_AGGRESSIVE;
				CLANG_WARN_UNREACHABLE_CODE = YES;
				CLANG_WARN__DUPLICATE_METHOD_MATCH = YES;
				COPY_PHASE_STRIP = NO;
				DEBUG_INFORMATION_FORMAT = "dwarf-with-dsym";
				ENABLE_NS_ASSERTIONS = NO;
				ENABLE_STRICT_OBJC_MSGSEND = YES;
				GCC_C_LANGUAGE_STANDARD = gnu11;
				GCC_NO_COMMON_BLOCKS = YES;
				GCC_WARN_64_TO_32_BIT_CONVERSION = YES;
				GCC_WARN_ABOUT_RETURN_TYPE = YES_ERROR;
				GCC_WARN_UNDECLARED_SELECTOR = YES;
				GCC_WARN_UNINITIALIZED_AUTOS = YES_AGGRESSIVE;
				GCC_WARN_UNUSED_FUNCTION = YES;
				GCC_WARN_UNUSED_VARIABLE = YES;
				IPHONEOS_DEPLOYMENT_TARGET = 16.2;
				MTL_ENABLE_DEBUG_INFO = NO;
				MTL_FAST_MATH = YES;
				SDKROOT = iphoneos;
				SWIFT_COMPILATION_MODE = wholemodule;
				SWIFT_OPTIMIZATION_LEVEL = "-O";
				VALIDATE_PRODUCT = YES;
			};
			name = Release;
		};
		B409415629A5B76300A85CF2 /* Debug */ = {
			isa = XCBuildConfiguration;
			buildSettings = {
				ASSETCATALOG_COMPILER_APPICON_NAME = AppIcon;
				ASSETCATALOG_COMPILER_GLOBAL_ACCENT_COLOR_NAME = AccentColor;
				CODE_SIGN_STYLE = Automatic;
				CURRENT_PROJECT_VERSION = 1;
				DEVELOPMENT_ASSET_PATHS = "\"miniProjectSwiftUI/Preview Content\"";
				ENABLE_PREVIEWS = YES;
				GENERATE_INFOPLIST_FILE = YES;
				INFOPLIST_KEY_UIApplicationSceneManifest_Generation = YES;
				INFOPLIST_KEY_UIApplicationSupportsIndirectInputEvents = YES;
				INFOPLIST_KEY_UILaunchScreen_Generation = YES;
				INFOPLIST_KEY_UISupportedInterfaceOrientations_iPad = "UIInterfaceOrientationPortrait UIInterfaceOrientationPortraitUpsideDown UIInterfaceOrientationLandscapeLeft UIInterfaceOrientationLandscapeRight";
				INFOPLIST_KEY_UISupportedInterfaceOrientations_iPhone = "UIInterfaceOrientationPortrait UIInterfaceOrientationLandscapeLeft UIInterfaceOrientationLandscapeRight";
				LD_RUNPATH_SEARCH_PATHS = (
					"$(inherited)",
					"@executable_path/Frameworks",
				);
				MARKETING_VERSION = 1.0;
				PRODUCT_BUNDLE_IDENTIFIER = com.swiftie.miniProjectSwiftUI;
				PRODUCT_NAME = "$(TARGET_NAME)";
				SWIFT_EMIT_LOC_STRINGS = YES;
				SWIFT_VERSION = 5.0;
				TARGETED_DEVICE_FAMILY = "1,2";
			};
			name = Debug;
		};
		B409415729A5B76300A85CF2 /* Release */ = {
			isa = XCBuildConfiguration;
			buildSettings = {
				ASSETCATALOG_COMPILER_APPICON_NAME = AppIcon;
				ASSETCATALOG_COMPILER_GLOBAL_ACCENT_COLOR_NAME = AccentColor;
				CODE_SIGN_STYLE = Automatic;
				CURRENT_PROJECT_VERSION = 1;
				DEVELOPMENT_ASSET_PATHS = "\"miniProjectSwiftUI/Preview Content\"";
				ENABLE_PREVIEWS = YES;
				GENERATE_INFOPLIST_FILE = YES;
				INFOPLIST_KEY_UIApplicationSceneManifest_Generation = YES;
				INFOPLIST_KEY_UIApplicationSupportsIndirectInputEvents = YES;
				INFOPLIST_KEY_UILaunchScreen_Generation = YES;
				INFOPLIST_KEY_UISupportedInterfaceOrientations_iPad = "UIInterfaceOrientationPortrait UIInterfaceOrientationPortraitUpsideDown UIInterfaceOrientationLandscapeLeft UIInterfaceOrientationLandscapeRight";
				INFOPLIST_KEY_UISupportedInterfaceOrientations_iPhone = "UIInterfaceOrientationPortrait UIInterfaceOrientationLandscapeLeft UIInterfaceOrientationLandscapeRight";
				LD_RUNPATH_SEARCH_PATHS = (
					"$(inherited)",
					"@executable_path/Frameworks",
				);
				MARKETING_VERSION = 1.0;
				PRODUCT_BUNDLE_IDENTIFIER = com.swiftie.miniProjectSwiftUI;
				PRODUCT_NAME = "$(TARGET_NAME)";
				SWIFT_EMIT_LOC_STRINGS = YES;
				SWIFT_VERSION = 5.0;
				TARGETED_DEVICE_FAMILY = "1,2";
			};
			name = Release;
		};
/* End XCBuildConfiguration section */

/* Begin XCConfigurationList section */
		B409414229A5B75F00A85CF2 /* Build configuration list for PBXProject "miniProjectSwiftUI" */ = {
			isa = XCConfigurationList;
			buildConfigurations = (
				B409415329A5B76300A85CF2 /* Debug */,
				B409415429A5B76300A85CF2 /* Release */,
			);
			defaultConfigurationIsVisible = 0;
			defaultConfigurationName = Release;
		};
		B409415529A5B76300A85CF2 /* Build configuration list for PBXNativeTarget "miniProjectSwiftUI" */ = {
			isa = XCConfigurationList;
			buildConfigurations = (
				B409415629A5B76300A85CF2 /* Debug */,
				B409415729A5B76300A85CF2 /* Release */,
			);
			defaultConfigurationIsVisible = 0;
			defaultConfigurationName = Release;
		};
/* End XCConfigurationList section */
	};
	rootObject = B409413F29A5B75F00A85CF2 /* Project object */;
}
